
Microsoft Visual Studio Solution File, Format Version 12.00
# Visual Studio Version 16
VisualStudioVersion = 16.0.30114.105
MinimumVisualStudioVersion = 10.0.40219.1
Project("{2150E333-8FDC-42A3-9474-1A3956D46DE8}") = "Apps", "Apps", "{54F1C068-72A0-4585-B238-D73D6667A06A}"
EndProject
Project("{2150E333-8FDC-42A3-9474-1A3956D46DE8}") = "DltDump", "DltDump", "{4BB0F828-8856-4E1C-A34E-6F2E345FBFF5}"
EndProject
Project("{9A19103F-16F7-4668-BE54-9A1E7A4F7556}") = "DltDump", "apps\DltDump\code\DltDump.csproj", "{1EA9FC4D-18DA-4004-8608-014BD638A53B}"
EndProject
Project("{9A19103F-16F7-4668-BE54-9A1E7A4F7556}") = "DltDumpBenchmark", "apps\DltDump\perf\DltDumpBenchmark.csproj", "{4DD00431-A3FE-4332-A913-7E0708818579}"
EndProject
Project("{9A19103F-16F7-4668-BE54-9A1E7A4F7556}") = "DltDumpTest", "apps\DltDump\test\DltDumpTest.csproj", "{75B7CE9B-2CC6-484D-B485-6F72A4CEBC11}"
EndProject
Project("{2150E333-8FDC-42A3-9474-1A3956D46DE8}") = "TraceReader.Core", "TraceReader.Core", "{BB874354-D841-46A9-A2CC-4261F4F2D6D6}"
EndProject
Project("{9A19103F-16F7-4668-BE54-9A1E7A4F7556}") = "RJCP.Diagnostics.Log", "TraceReader.Core\TraceReader\RJCP.Diagnostics.Log.csproj", "{D33731DC-96D2-4615-A954-E113AAB9EE9C}"
EndProject
Project("{9A19103F-16F7-4668-BE54-9A1E7A4F7556}") = "RJCP.Diagnostics.LogTest", "TraceReader.Core\TraceReaderTest\RJCP.Diagnostics.LogTest.csproj", "{94F2103C-463B-4E0A-A6CE-1449DB1D2AEA}"
EndProject
Project("{2150E333-8FDC-42A3-9474-1A3956D46DE8}") = "TraceReader.DLT", "TraceReader.DLT", "{F380358B-B243-4D4F-A9D2-75E1F7C70FD9}"
EndProject
Project("{9A19103F-16F7-4668-BE54-9A1E7A4F7556}") = "RJCP.Diagnostics.Log.Dlt", "TraceReader.Dlt\DltTraceReader\RJCP.Diagnostics.Log.Dlt.csproj", "{71BCC681-E580-41D5-A27E-B3A2602BFEE6}"
EndProject
Project("{9A19103F-16F7-4668-BE54-9A1E7A4F7556}") = "RJCP.Diagnostics.Log.DltBenchmark", "TraceReader.Dlt\DltTraceReaderBenchmark\RJCP.Diagnostics.Log.DltBenchmark.csproj", "{998302DC-5B3B-4ED9-93B3-6A3226B8E789}"
EndProject
Project("{9A19103F-16F7-4668-BE54-9A1E7A4F7556}") = "RJCP.Diagnostics.Log.DltTest", "TraceReader.Dlt\DltTraceReaderTest\RJCP.Diagnostics.Log.DltTest.csproj", "{00083452-B662-4AA2-9288-66E37E3B8DB4}"
EndProject
Global
	GlobalSection(SolutionConfigurationPlatforms) = preSolution
		Debug|Any CPU = Debug|Any CPU
		Debug|x64 = Debug|x64
		Debug|x86 = Debug|x86
		Release|Any CPU = Release|Any CPU
		Release|x64 = Release|x64
		Release|x86 = Release|x86
	EndGlobalSection
	GlobalSection(ProjectConfigurationPlatforms) = postSolution
		{1EA9FC4D-18DA-4004-8608-014BD638A53B}.Debug|Any CPU.ActiveCfg = Debug|Any CPU
		{1EA9FC4D-18DA-4004-8608-014BD638A53B}.Debug|Any CPU.Build.0 = Debug|Any CPU
		{1EA9FC4D-18DA-4004-8608-014BD638A53B}.Debug|x64.ActiveCfg = Debug|Any CPU
		{1EA9FC4D-18DA-4004-8608-014BD638A53B}.Debug|x64.Build.0 = Debug|Any CPU
		{1EA9FC4D-18DA-4004-8608-014BD638A53B}.Debug|x86.ActiveCfg = Debug|Any CPU
		{1EA9FC4D-18DA-4004-8608-014BD638A53B}.Debug|x86.Build.0 = Debug|Any CPU
		{1EA9FC4D-18DA-4004-8608-014BD638A53B}.Release|Any CPU.ActiveCfg = Release|Any CPU
		{1EA9FC4D-18DA-4004-8608-014BD638A53B}.Release|Any CPU.Build.0 = Release|Any CPU
		{1EA9FC4D-18DA-4004-8608-014BD638A53B}.Release|x64.ActiveCfg = Release|Any CPU
		{1EA9FC4D-18DA-4004-8608-014BD638A53B}.Release|x64.Build.0 = Release|Any CPU
		{1EA9FC4D-18DA-4004-8608-014BD638A53B}.Release|x86.ActiveCfg = Release|Any CPU
		{1EA9FC4D-18DA-4004-8608-014BD638A53B}.Release|x86.Build.0 = Release|Any CPU
		{4DD00431-A3FE-4332-A913-7E0708818579}.Debug|Any CPU.ActiveCfg = Debug|Any CPU
		{4DD00431-A3FE-4332-A913-7E0708818579}.Debug|Any CPU.Build.0 = Debug|Any CPU
		{4DD00431-A3FE-4332-A913-7E0708818579}.Debug|x64.ActiveCfg = Debug|Any CPU
		{4DD00431-A3FE-4332-A913-7E0708818579}.Debug|x64.Build.0 = Debug|Any CPU
		{4DD00431-A3FE-4332-A913-7E0708818579}.Debug|x86.ActiveCfg = Debug|Any CPU
		{4DD00431-A3FE-4332-A913-7E0708818579}.Debug|x86.Build.0 = Debug|Any CPU
		{4DD00431-A3FE-4332-A913-7E0708818579}.Release|Any CPU.ActiveCfg = Release|Any CPU
		{4DD00431-A3FE-4332-A913-7E0708818579}.Release|Any CPU.Build.0 = Release|Any CPU
		{4DD00431-A3FE-4332-A913-7E0708818579}.Release|x64.ActiveCfg = Release|Any CPU
		{4DD00431-A3FE-4332-A913-7E0708818579}.Release|x64.Build.0 = Release|Any CPU
		{4DD00431-A3FE-4332-A913-7E0708818579}.Release|x86.ActiveCfg = Release|Any CPU
		{4DD00431-A3FE-4332-A913-7E0708818579}.Release|x86.Build.0 = Release|Any CPU
		{75B7CE9B-2CC6-484D-B485-6F72A4CEBC11}.Debug|Any CPU.ActiveCfg = Debug|Any CPU
		{75B7CE9B-2CC6-484D-B485-6F72A4CEBC11}.Debug|Any CPU.Build.0 = Debug|Any CPU
		{75B7CE9B-2CC6-484D-B485-6F72A4CEBC11}.Debug|x64.ActiveCfg = Debug|Any CPU
		{75B7CE9B-2CC6-484D-B485-6F72A4CEBC11}.Debug|x64.Build.0 = Debug|Any CPU
		{75B7CE9B-2CC6-484D-B485-6F72A4CEBC11}.Debug|x86.ActiveCfg = Debug|Any CPU
		{75B7CE9B-2CC6-484D-B485-6F72A4CEBC11}.Debug|x86.Build.0 = Debug|Any CPU
		{75B7CE9B-2CC6-484D-B485-6F72A4CEBC11}.Release|Any CPU.ActiveCfg = Release|Any CPU
		{75B7CE9B-2CC6-484D-B485-6F72A4CEBC11}.Release|Any CPU.Build.0 = Release|Any CPU
		{75B7CE9B-2CC6-484D-B485-6F72A4CEBC11}.Release|x64.ActiveCfg = Release|Any CPU
		{75B7CE9B-2CC6-484D-B485-6F72A4CEBC11}.Release|x64.Build.0 = Release|Any CPU
		{75B7CE9B-2CC6-484D-B485-6F72A4CEBC11}.Release|x86.ActiveCfg = Release|Any CPU
		{75B7CE9B-2CC6-484D-B485-6F72A4CEBC11}.Release|x86.Build.0 = Release|Any CPU
		{D33731DC-96D2-4615-A954-E113AAB9EE9C}.Debug|Any CPU.ActiveCfg = Debug|Any CPU
		{D33731DC-96D2-4615-A954-E113AAB9EE9C}.Debug|Any CPU.Build.0 = Debug|Any CPU
		{D33731DC-96D2-4615-A954-E113AAB9EE9C}.Debug|x64.ActiveCfg = Debug|Any CPU
		{D33731DC-96D2-4615-A954-E113AAB9EE9C}.Debug|x64.Build.0 = Debug|Any CPU
		{D33731DC-96D2-4615-A954-E113AAB9EE9C}.Debug|x86.ActiveCfg = Debug|Any CPU
		{D33731DC-96D2-4615-A954-E113AAB9EE9C}.Debug|x86.Build.0 = Debug|Any CPU
		{D33731DC-96D2-4615-A954-E113AAB9EE9C}.Release|Any CPU.ActiveCfg = Release|Any CPU
		{D33731DC-96D2-4615-A954-E113AAB9EE9C}.Release|Any CPU.Build.0 = Release|Any CPU
		{D33731DC-96D2-4615-A954-E113AAB9EE9C}.Release|x64.ActiveCfg = Release|Any CPU
		{D33731DC-96D2-4615-A954-E113AAB9EE9C}.Release|x64.Build.0 = Release|Any CPU
		{D33731DC-96D2-4615-A954-E113AAB9EE9C}.Release|x86.ActiveCfg = Release|Any CPU
		{D33731DC-96D2-4615-A954-E113AAB9EE9C}.Release|x86.Build.0 = Release|Any CPU
		{94F2103C-463B-4E0A-A6CE-1449DB1D2AEA}.Debug|Any CPU.ActiveCfg = Debug|Any CPU
		{94F2103C-463B-4E0A-A6CE-1449DB1D2AEA}.Debug|Any CPU.Build.0 = Debug|Any CPU
		{94F2103C-463B-4E0A-A6CE-1449DB1D2AEA}.Debug|x64.ActiveCfg = Debug|Any CPU
		{94F2103C-463B-4E0A-A6CE-1449DB1D2AEA}.Debug|x64.Build.0 = Debug|Any CPU
		{94F2103C-463B-4E0A-A6CE-1449DB1D2AEA}.Debug|x86.ActiveCfg = Debug|Any CPU
		{94F2103C-463B-4E0A-A6CE-1449DB1D2AEA}.Debug|x86.Build.0 = Debug|Any CPU
		{94F2103C-463B-4E0A-A6CE-1449DB1D2AEA}.Release|Any CPU.ActiveCfg = Release|Any CPU
		{94F2103C-463B-4E0A-A6CE-1449DB1D2AEA}.Release|Any CPU.Build.0 = Release|Any CPU
		{94F2103C-463B-4E0A-A6CE-1449DB1D2AEA}.Release|x64.ActiveCfg = Release|Any CPU
		{94F2103C-463B-4E0A-A6CE-1449DB1D2AEA}.Release|x64.Build.0 = Release|Any CPU
		{94F2103C-463B-4E0A-A6CE-1449DB1D2AEA}.Release|x86.ActiveCfg = Release|Any CPU
		{94F2103C-463B-4E0A-A6CE-1449DB1D2AEA}.Release|x86.Build.0 = Release|Any CPU
		{71BCC681-E580-41D5-A27E-B3A2602BFEE6}.Debug|Any CPU.ActiveCfg = Debug|Any CPU
		{71BCC681-E580-41D5-A27E-B3A2602BFEE6}.Debug|Any CPU.Build.0 = Debug|Any CPU
		{71BCC681-E580-41D5-A27E-B3A2602BFEE6}.Debug|x64.ActiveCfg = Debug|Any CPU
		{71BCC681-E580-41D5-A27E-B3A2602BFEE6}.Debug|x64.Build.0 = Debug|Any CPU
		{71BCC681-E580-41D5-A27E-B3A2602BFEE6}.Debug|x86.ActiveCfg = Debug|Any CPU
		{71BCC681-E580-41D5-A27E-B3A2602BFEE6}.Debug|x86.Build.0 = Debug|Any CPU
		{71BCC681-E580-41D5-A27E-B3A2602BFEE6}.Release|Any CPU.ActiveCfg = Release|Any CPU
		{71BCC681-E580-41D5-A27E-B3A2602BFEE6}.Release|Any CPU.Build.0 = Release|Any CPU
		{71BCC681-E580-41D5-A27E-B3A2602BFEE6}.Release|x64.ActiveCfg = Release|Any CPU
		{71BCC681-E580-41D5-A27E-B3A2602BFEE6}.Release|x64.Build.0 = Release|Any CPU
		{71BCC681-E580-41D5-A27E-B3A2602BFEE6}.Release|x86.ActiveCfg = Release|Any CPU
		{71BCC681-E580-41D5-A27E-B3A2602BFEE6}.Release|x86.Build.0 = Release|Any CPU
		{998302DC-5B3B-4ED9-93B3-6A3226B8E789}.Debug|Any CPU.ActiveCfg = Debug|Any CPU
		{998302DC-5B3B-4ED9-93B3-6A3226B8E789}.Debug|Any CPU.Build.0 = Debug|Any CPU
		{998302DC-5B3B-4ED9-93B3-6A3226B8E789}.Debug|x64.ActiveCfg = Debug|Any CPU
		{998302DC-5B3B-4ED9-93B3-6A3226B8E789}.Debug|x64.Build.0 = Debug|Any CPU
		{998302DC-5B3B-4ED9-93B3-6A3226B8E789}.Debug|x86.ActiveCfg = Debug|Any CPU
		{998302DC-5B3B-4ED9-93B3-6A3226B8E789}.Debug|x86.Build.0 = Debug|Any CPU
		{998302DC-5B3B-4ED9-93B3-6A3226B8E789}.Release|Any CPU.ActiveCfg = Release|Any CPU
		{998302DC-5B3B-4ED9-93B3-6A3226B8E789}.Release|Any CPU.Build.0 = Release|Any CPU
		{998302DC-5B3B-4ED9-93B3-6A3226B8E789}.Release|x64.ActiveCfg = Release|Any CPU
		{998302DC-5B3B-4ED9-93B3-6A3226B8E789}.Release|x64.Build.0 = Release|Any CPU
		{998302DC-5B3B-4ED9-93B3-6A3226B8E789}.Release|x86.ActiveCfg = Release|Any CPU
		{998302DC-5B3B-4ED9-93B3-6A3226B8E789}.Release|x86.Build.0 = Release|Any CPU
		{00083452-B662-4AA2-9288-66E37E3B8DB4}.Debug|Any CPU.ActiveCfg = Debug|Any CPU
		{00083452-B662-4AA2-9288-66E37E3B8DB4}.Debug|Any CPU.Build.0 = Debug|Any CPU
		{00083452-B662-4AA2-9288-66E37E3B8DB4}.Debug|x64.ActiveCfg = Debug|Any CPU
		{00083452-B662-4AA2-9288-66E37E3B8DB4}.Debug|x64.Build.0 = Debug|Any CPU
		{00083452-B662-4AA2-9288-66E37E3B8DB4}.Debug|x86.ActiveCfg = Debug|Any CPU
		{00083452-B662-4AA2-9288-66E37E3B8DB4}.Debug|x86.Build.0 = Debug|Any CPU
		{00083452-B662-4AA2-9288-66E37E3B8DB4}.Release|Any CPU.ActiveCfg = Release|Any CPU
		{00083452-B662-4AA2-9288-66E37E3B8DB4}.Release|Any CPU.Build.0 = Release|Any CPU
		{00083452-B662-4AA2-9288-66E37E3B8DB4}.Release|x64.ActiveCfg = Release|Any CPU
		{00083452-B662-4AA2-9288-66E37E3B8DB4}.Release|x64.Build.0 = Release|Any CPU
		{00083452-B662-4AA2-9288-66E37E3B8DB4}.Release|x86.ActiveCfg = Release|Any CPU
		{00083452-B662-4AA2-9288-66E37E3B8DB4}.Release|x86.Build.0 = Release|Any CPU
	EndGlobalSection
	GlobalSection(SolutionProperties) = preSolution
		HideSolutionNode = FALSE
	EndGlobalSection
	GlobalSection(NestedProjects) = preSolution
		{4BB0F828-8856-4E1C-A34E-6F2E345FBFF5} = {54F1C068-72A0-4585-B238-D73D6667A06A}
		{1EA9FC4D-18DA-4004-8608-014BD638A53B} = {4BB0F828-8856-4E1C-A34E-6F2E345FBFF5}
		{4DD00431-A3FE-4332-A913-7E0708818579} = {4BB0F828-8856-4E1C-A34E-6F2E345FBFF5}
		{75B7CE9B-2CC6-484D-B485-6F72A4CEBC11} = {4BB0F828-8856-4E1C-A34E-6F2E345FBFF5}
		{D33731DC-96D2-4615-A954-E113AAB9EE9C} = {BB874354-D841-46A9-A2CC-4261F4F2D6D6}
		{94F2103C-463B-4E0A-A6CE-1449DB1D2AEA} = {BB874354-D841-46A9-A2CC-4261F4F2D6D6}
		{71BCC681-E580-41D5-A27E-B3A2602BFEE6} = {F380358B-B243-4D4F-A9D2-75E1F7C70FD9}
		{998302DC-5B3B-4ED9-93B3-6A3226B8E789} = {F380358B-B243-4D4F-A9D2-75E1F7C70FD9}
		{00083452-B662-4AA2-9288-66E37E3B8DB4} = {F380358B-B243-4D4F-A9D2-75E1F7C70FD9}
	EndGlobalSection
	GlobalSection(ExtensibilityGlobals) = postSolution
		SolutionGuid = {A9CF4E8B-0F15-42BF-96ED-5409CC6EB218}
	EndGlobalSection
EndGlobal
