
Microsoft Visual Studio Solution File, Format Version 12.00
# Visual Studio Version 16
VisualStudioVersion = 16.0.32228.343
MinimumVisualStudioVersion = 10.0.40219.1
Project("{9A19103F-16F7-4668-BE54-9A1E7A4F7556}") = "DltUdpReceive", "DltUdpReceive.csproj", "{24424809-66B6-4AB6-879B-925547D6F782}"
EndProject
Global
	GlobalSection(SolutionConfigurationPlatforms) = preSolution
		Debug|Any CPU = Debug|Any CPU
		Release|Any CPU = Release|Any CPU
	EndGlobalSection
	GlobalSection(ProjectConfigurationPlatforms) = postSolution
		{24424809-66B6-4AB6-879B-925547D6F782}.Debug|Any CPU.ActiveCfg = Debug|Any CPU
		{24424809-66B6-4AB6-879B-925547D6F782}.Debug|Any CPU.Build.0 = Debug|Any CPU
		{24424809-66B6-4AB6-879B-925547D6F782}.Release|Any CPU.ActiveCfg = Release|Any CPU
		{24424809-66B6-4AB6-879B-925547D6F782}.Release|Any CPU.Build.0 = Release|Any CPU
	EndGlobalSection
	GlobalSection(SolutionProperties) = preSolution
		HideSolutionNode = FALSE
	EndGlobalSection
	GlobalSection(ExtensibilityGlobals) = postSolution
		SolutionGuid = {E2ACC9EF-A22D-4812-94B2-D00F700C628C}
	EndGlobalSection
EndGlobal
